
Microsoft Visual Studio Solution File, Format Version 12.00
# Visual Studio Version 17
VisualStudioVersion = 17.7.34018.315
MinimumVisualStudioVersion = 10.0.40219.1
Project("{FAE04EC0-301F-11D3-BF4B-00C04F79EFBC}") = "IsPalindromeGenericStack", "IsPalindromeGenericStack\IsPalindromeGenericStack.csproj", "{0E86A5B9-95FD-475F-8F1A-E7DD67D3E901}"
EndProject
Project("{FAE04EC0-301F-11D3-BF4B-00C04F79EFBC}") = "IsPalindromeGenericStackTest", "IsPalindromeGenericStackTest\IsPalindromeGenericStackTest.csproj", "{F62E8D00-2141-4173-A2A7-5C36C9CA7A9C}"
EndProject
Global
	GlobalSection(SolutionConfigurationPlatforms) = preSolution
		Debug|Any CPU = Debug|Any CPU
		Release|Any CPU = Release|Any CPU
	EndGlobalSection
	GlobalSection(ProjectConfigurationPlatforms) = postSolution
		{0E86A5B9-95FD-475F-8F1A-E7DD67D3E901}.Debug|Any CPU.ActiveCfg = Debug|Any CPU
		{0E86A5B9-95FD-475F-8F1A-E7DD67D3E901}.Debug|Any CPU.Build.0 = Debug|Any CPU
		{0E86A5B9-95FD-475F-8F1A-E7DD67D3E901}.Release|Any CPU.ActiveCfg = Release|Any CPU
		{0E86A5B9-95FD-475F-8F1A-E7DD67D3E901}.Release|Any CPU.Build.0 = Release|Any CPU
		{F62E8D00-2141-4173-A2A7-5C36C9CA7A9C}.Debug|Any CPU.ActiveCfg = Debug|Any CPU
		{F62E8D00-2141-4173-A2A7-5C36C9CA7A9C}.Debug|Any CPU.Build.0 = Debug|Any CPU
		{F62E8D00-2141-4173-A2A7-5C36C9CA7A9C}.Release|Any CPU.ActiveCfg = Release|Any CPU
		{F62E8D00-2141-4173-A2A7-5C36C9CA7A9C}.Release|Any CPU.Build.0 = Release|Any CPU
	EndGlobalSection
	GlobalSection(SolutionProperties) = preSolution
		HideSolutionNode = FALSE
	EndGlobalSection
	GlobalSection(ExtensibilityGlobals) = postSolution
		SolutionGuid = {E9DA96D6-11F5-43D1-A61F-201AEF342B73}
	EndGlobalSection
EndGlobal
